
Microsoft Visual Studio Solution File, Format Version 12.00
# Visual Studio Version 17
VisualStudioVersion = 17.0.31903.59
MinimumVisualStudioVersion = 10.0.40219.1
Project("{FAE04EC0-301F-11D3-BF4B-00C04F79EFBC}") = "Delegate_net7", "Delegate_net7\Delegate_net7.csproj", "{AC46E93F-F912-45D7-B39A-195E9C865AC4}"
EndProject
Global
	GlobalSection(SolutionConfigurationPlatforms) = preSolution
		Debug|Any CPU = Debug|Any CPU
		Release|Any CPU = Release|Any CPU
	EndGlobalSection
	GlobalSection(SolutionProperties) = preSolution
		HideSolutionNode = FALSE
	EndGlobalSection
	GlobalSection(ProjectConfigurationPlatforms) = postSolution
		{AC46E93F-F912-45D7-B39A-195E9C865AC4}.Debug|Any CPU.ActiveCfg = Debug|Any CPU
		{AC46E93F-F912-45D7-B39A-195E9C865AC4}.Debug|Any CPU.Build.0 = Debug|Any CPU
		{AC46E93F-F912-45D7-B39A-195E9C865AC4}.Release|Any CPU.ActiveCfg = Release|Any CPU
		{AC46E93F-F912-45D7-B39A-195E9C865AC4}.Release|Any CPU.Build.0 = Release|Any CPU
	EndGlobalSection
EndGlobal
